// !$*UTF8*$!
{
	archiveVersion = 1;
	classes = {
	};
	objectVersion = 47;
	objects = {

/* Begin PBXBuildFile section */
		370E14801F6B16C700143534 /* CoreDataStack.swift in Sources */ = {isa = PBXBuildFile; fileRef = 370E147F1F6B16C700143534 /* CoreDataStack.swift */; };
		374874A41AD315B300E1D015 /* DictionaryManager.swift in Sources */ = {isa = PBXBuildFile; fileRef = 3748749F1AD315B300E1D015 /* DictionaryManager.swift */; };
		374874A61AD315B300E1D015 /* LaunchOnLoginSupport.swift in Sources */ = {isa = PBXBuildFile; fileRef = 374874A11AD315B300E1D015 /* LaunchOnLoginSupport.swift */; };
		374874AB1AD320EA00E1D015 /* Word.swift in Sources */ = {isa = PBXBuildFile; fileRef = 374874AA1AD320EA00E1D015 /* Word.swift */; };
		37614EE01B1E368000DD6E12 /* status_cards.xcdatamodeld in Sources */ = {isa = PBXBuildFile; fileRef = 3748749D1AD315B300E1D015 /* status_cards.xcdatamodeld */; };
		378779BE246EE51100803B8D /* Extensions.swift in Sources */ = {isa = PBXBuildFile; fileRef = 378779BD246EE51100803B8D /* Extensions.swift */; };
		378779C02473102E00803B8D /* KnownWord.swift in Sources */ = {isa = PBXBuildFile; fileRef = 378779BF2473102E00803B8D /* KnownWord.swift */; };
		378779C32473128800803B8D /* basic_en.txt in Resources */ = {isa = PBXBuildFile; fileRef = 378779C22473128800803B8D /* basic_en.txt */; };
		37DA59A81C72EFF400C89E0B /* MainViewController.swift in Sources */ = {isa = PBXBuildFile; fileRef = 37DA59A61C72EFF400C89E0B /* MainViewController.swift */; };
		37DA59A91C72EFF400C89E0B /* MainViewController.xib in Resources */ = {isa = PBXBuildFile; fileRef = 37DA59A71C72EFF400C89E0B /* MainViewController.xib */; };
		37DCEDF61AD3115B000B46CD /* AppDelegate.swift in Sources */ = {isa = PBXBuildFile; fileRef = 37DCEDF51AD3115B000B46CD /* AppDelegate.swift */; };
		37DCEDFD1AD3115B000B46CD /* Images.xcassets in Resources */ = {isa = PBXBuildFile; fileRef = 37DCEDFC1AD3115B000B46CD /* Images.xcassets */; };
		37DCEE001AD3115B000B46CD /* Main.storyboard in Resources */ = {isa = PBXBuildFile; fileRef = 37DCEDFE1AD3115B000B46CD /* Main.storyboard */; };
		37DCEE0C1AD3115B000B46CD /* status_cardsTests.swift in Sources */ = {isa = PBXBuildFile; fileRef = 37DCEE0B1AD3115B000B46CD /* status_cardsTests.swift */; };
		37F288211F7D6164000BED14 /* Language.swift in Sources */ = {isa = PBXBuildFile; fileRef = 37F288201F7D6164000BED14 /* Language.swift */; };
/* End PBXBuildFile section */

/* Begin PBXContainerItemProxy section */
		37DCEE061AD3115B000B46CD /* PBXContainerItemProxy */ = {
			isa = PBXContainerItemProxy;
			containerPortal = 37DCEDE81AD3115A000B46CD /* Project object */;
			proxyType = 1;
			remoteGlobalIDString = 37DCEDEF1AD3115B000B46CD;
			remoteInfo = "status-cards";
		};
/* End PBXContainerItemProxy section */

/* Begin PBXFileReference section */
		370E147F1F6B16C700143534 /* CoreDataStack.swift */ = {isa = PBXFileReference; fileEncoding = 4; lastKnownFileType = sourcecode.swift; path = CoreDataStack.swift; sourceTree = "<group>"; };
		3748749E1AD315B300E1D015 /* status_cards.xcdatamodel */ = {isa = PBXFileReference; lastKnownFileType = wrapper.xcdatamodel; path = status_cards.xcdatamodel; sourceTree = "<group>"; };
		3748749F1AD315B300E1D015 /* DictionaryManager.swift */ = {isa = PBXFileReference; fileEncoding = 4; lastKnownFileType = sourcecode.swift; path = DictionaryManager.swift; sourceTree = "<group>"; };
		374874A11AD315B300E1D015 /* LaunchOnLoginSupport.swift */ = {isa = PBXFileReference; fileEncoding = 4; lastKnownFileType = sourcecode.swift; path = LaunchOnLoginSupport.swift; sourceTree = "<group>"; };
		374874AA1AD320EA00E1D015 /* Word.swift */ = {isa = PBXFileReference; fileEncoding = 4; lastKnownFileType = sourcecode.swift; path = Word.swift; sourceTree = "<group>"; };
		378779BD246EE51100803B8D /* Extensions.swift */ = {isa = PBXFileReference; lastKnownFileType = sourcecode.swift; path = Extensions.swift; sourceTree = "<group>"; };
		378779BF2473102E00803B8D /* KnownWord.swift */ = {isa = PBXFileReference; lastKnownFileType = sourcecode.swift; path = KnownWord.swift; sourceTree = "<group>"; };
		378779C22473128800803B8D /* basic_en.txt */ = {isa = PBXFileReference; lastKnownFileType = text; path = basic_en.txt; sourceTree = "<group>"; };
		37DA59A61C72EFF400C89E0B /* MainViewController.swift */ = {isa = PBXFileReference; fileEncoding = 4; lastKnownFileType = sourcecode.swift; path = MainViewController.swift; sourceTree = "<group>"; };
		37DA59A71C72EFF400C89E0B /* MainViewController.xib */ = {isa = PBXFileReference; fileEncoding = 4; lastKnownFileType = file.xib; path = MainViewController.xib; sourceTree = "<group>"; };
		37DCEDF01AD3115B000B46CD /* status-cards.app */ = {isa = PBXFileReference; explicitFileType = wrapper.application; includeInIndex = 0; path = "status-cards.app"; sourceTree = BUILT_PRODUCTS_DIR; };
		37DCEDF41AD3115B000B46CD /* Info.plist */ = {isa = PBXFileReference; lastKnownFileType = text.plist.xml; path = Info.plist; sourceTree = "<group>"; };
		37DCEDF51AD3115B000B46CD /* AppDelegate.swift */ = {isa = PBXFileReference; lastKnownFileType = sourcecode.swift; path = AppDelegate.swift; sourceTree = "<group>"; };
		37DCEDFC1AD3115B000B46CD /* Images.xcassets */ = {isa = PBXFileReference; lastKnownFileType = folder.assetcatalog; path = Images.xcassets; sourceTree = "<group>"; };
		37DCEDFF1AD3115B000B46CD /* Base */ = {isa = PBXFileReference; lastKnownFileType = file.storyboard; name = Base; path = Base.lproj/Main.storyboard; sourceTree = "<group>"; };
		37DCEE051AD3115B000B46CD /* status-cardsTests.xctest */ = {isa = PBXFileReference; explicitFileType = wrapper.cfbundle; includeInIndex = 0; path = "status-cardsTests.xctest"; sourceTree = BUILT_PRODUCTS_DIR; };
		37DCEE0A1AD3115B000B46CD /* Info.plist */ = {isa = PBXFileReference; lastKnownFileType = text.plist.xml; path = Info.plist; sourceTree = "<group>"; };
		37DCEE0B1AD3115B000B46CD /* status_cardsTests.swift */ = {isa = PBXFileReference; lastKnownFileType = sourcecode.swift; path = status_cardsTests.swift; sourceTree = "<group>"; };
		37F288201F7D6164000BED14 /* Language.swift */ = {isa = PBXFileReference; lastKnownFileType = sourcecode.swift; path = Language.swift; sourceTree = "<group>"; };
/* End PBXFileReference section */

/* Begin PBXFrameworksBuildPhase section */
		37DCEDED1AD3115B000B46CD /* Frameworks */ = {
			isa = PBXFrameworksBuildPhase;
			buildActionMask = 2147483647;
			files = (
			);
			runOnlyForDeploymentPostprocessing = 0;
		};
		37DCEE021AD3115B000B46CD /* Frameworks */ = {
			isa = PBXFrameworksBuildPhase;
			buildActionMask = 2147483647;
			files = (
			);
			runOnlyForDeploymentPostprocessing = 0;
		};
/* End PBXFrameworksBuildPhase section */

/* Begin PBXGroup section */
		378779C12473125B00803B8D /* resources */ = {
			isa = PBXGroup;
			children = (
				378779C22473128800803B8D /* basic_en.txt */,
			);
			path = resources;
			sourceTree = "<group>";
		};
		37DCEDE71AD3115A000B46CD = {
			isa = PBXGroup;
			children = (
				37DCEDF21AD3115B000B46CD /* status-cards */,
				37DCEE081AD3115B000B46CD /* status-cardsTests */,
				37DCEDF11AD3115B000B46CD /* Products */,
			);
			sourceTree = "<group>";
		};
		37DCEDF11AD3115B000B46CD /* Products */ = {
			isa = PBXGroup;
			children = (
				37DCEDF01AD3115B000B46CD /* status-cards.app */,
				37DCEE051AD3115B000B46CD /* status-cardsTests.xctest */,
			);
			name = Products;
			sourceTree = "<group>";
		};
		37DCEDF21AD3115B000B46CD /* status-cards */ = {
			isa = PBXGroup;
			children = (
				378779C12473125B00803B8D /* resources */,
				37DA59A61C72EFF400C89E0B /* MainViewController.swift */,
				37DA59A71C72EFF400C89E0B /* MainViewController.xib */,
				37DCEDF51AD3115B000B46CD /* AppDelegate.swift */,
				374874A11AD315B300E1D015 /* LaunchOnLoginSupport.swift */,
				3748749F1AD315B300E1D015 /* DictionaryManager.swift */,
				3748749D1AD315B300E1D015 /* status_cards.xcdatamodeld */,
				37DCEDFC1AD3115B000B46CD /* Images.xcassets */,
				37DCEDFE1AD3115B000B46CD /* Main.storyboard */,
				37DCEDF31AD3115B000B46CD /* Supporting Files */,
				374874AA1AD320EA00E1D015 /* Word.swift */,
				37F288201F7D6164000BED14 /* Language.swift */,
				370E147F1F6B16C700143534 /* CoreDataStack.swift */,
				378779BD246EE51100803B8D /* Extensions.swift */,
				378779BF2473102E00803B8D /* KnownWord.swift */,
			);
			path = "status-cards";
			sourceTree = "<group>";
		};
		37DCEDF31AD3115B000B46CD /* Supporting Files */ = {
			isa = PBXGroup;
			children = (
				37DCEDF41AD3115B000B46CD /* Info.plist */,
			);
			name = "Supporting Files";
			sourceTree = "<group>";
		};
		37DCEE081AD3115B000B46CD /* status-cardsTests */ = {
			isa = PBXGroup;
			children = (
				37DCEE0B1AD3115B000B46CD /* status_cardsTests.swift */,
				37DCEE091AD3115B000B46CD /* Supporting Files */,
			);
			path = "status-cardsTests";
			sourceTree = "<group>";
		};
		37DCEE091AD3115B000B46CD /* Supporting Files */ = {
			isa = PBXGroup;
			children = (
				37DCEE0A1AD3115B000B46CD /* Info.plist */,
			);
			name = "Supporting Files";
			sourceTree = "<group>";
		};
/* End PBXGroup section */

/* Begin PBXNativeTarget section */
		37DCEDEF1AD3115B000B46CD /* status-cards */ = {
			isa = PBXNativeTarget;
			buildConfigurationList = 37DCEE0F1AD3115B000B46CD /* Build configuration list for PBXNativeTarget "status-cards" */;
			buildPhases = (
				37DCEDEC1AD3115B000B46CD /* Sources */,
				37DCEDED1AD3115B000B46CD /* Frameworks */,
				37DCEDEE1AD3115B000B46CD /* Resources */,
			);
			buildRules = (
			);
			dependencies = (
			);
			name = "status-cards";
			productName = "status-cards";
			productReference = 37DCEDF01AD3115B000B46CD /* status-cards.app */;
			productType = "com.apple.product-type.application";
		};
		37DCEE041AD3115B000B46CD /* status-cardsTests */ = {
			isa = PBXNativeTarget;
			buildConfigurationList = 37DCEE121AD3115B000B46CD /* Build configuration list for PBXNativeTarget "status-cardsTests" */;
			buildPhases = (
				37DCEE011AD3115B000B46CD /* Sources */,
				37DCEE021AD3115B000B46CD /* Frameworks */,
				37DCEE031AD3115B000B46CD /* Resources */,
			);
			buildRules = (
			);
			dependencies = (
				37DCEE071AD3115B000B46CD /* PBXTargetDependency */,
			);
			name = "status-cardsTests";
			productName = "status-cardsTests";
			productReference = 37DCEE051AD3115B000B46CD /* status-cardsTests.xctest */;
			productType = "com.apple.product-type.bundle.unit-test";
		};
/* End PBXNativeTarget section */

/* Begin PBXProject section */
		37DCEDE81AD3115A000B46CD /* Project object */ = {
			isa = PBXProject;
			attributes = {
				LastUpgradeCheck = 1140;
				ORGANIZATIONNAME = "Sergey Khruschak";
				TargetAttributes = {
					37DCEDEF1AD3115B000B46CD = {
						CreatedOnToolsVersion = 6.2;
						DevelopmentTeam = C59JBN5D8H;
						LastSwiftMigration = 0810;
					};
					37DCEE041AD3115B000B46CD = {
						CreatedOnToolsVersion = 6.2;
						DevelopmentTeam = C59JBN5D8H;
						LastSwiftMigration = 0810;
						TestTargetID = 37DCEDEF1AD3115B000B46CD;
					};
				};
			};
			buildConfigurationList = 37DCEDEB1AD3115A000B46CD /* Build configuration list for PBXProject "status-cards" */;
			compatibilityVersion = "Xcode 6.3";
			developmentRegion = en;
			hasScannedForEncodings = 0;
			knownRegions = (
				en,
				Base,
			);
			mainGroup = 37DCEDE71AD3115A000B46CD;
			productRefGroup = 37DCEDF11AD3115B000B46CD /* Products */;
			projectDirPath = "";
			projectRoot = "";
			targets = (
				37DCEDEF1AD3115B000B46CD /* status-cards */,
				37DCEE041AD3115B000B46CD /* status-cardsTests */,
			);
		};
/* End PBXProject section */

/* Begin PBXResourcesBuildPhase section */
		37DCEDEE1AD3115B000B46CD /* Resources */ = {
			isa = PBXResourcesBuildPhase;
			buildActionMask = 2147483647;
			files = (
				37DCEDFD1AD3115B000B46CD /* Images.xcassets in Resources */,
				37DA59A91C72EFF400C89E0B /* MainViewController.xib in Resources */,
				378779C32473128800803B8D /* basic_en.txt in Resources */,
				37DCEE001AD3115B000B46CD /* Main.storyboard in Resources */,
			);
			runOnlyForDeploymentPostprocessing = 0;
		};
		37DCEE031AD3115B000B46CD /* Resources */ = {
			isa = PBXResourcesBuildPhase;
			buildActionMask = 2147483647;
			files = (
			);
			runOnlyForDeploymentPostprocessing = 0;
		};
/* End PBXResourcesBuildPhase section */

/* Begin PBXSourcesBuildPhase section */
		37DCEDEC1AD3115B000B46CD /* Sources */ = {
			isa = PBXSourcesBuildPhase;
			buildActionMask = 2147483647;
			files = (
				37DA59A81C72EFF400C89E0B /* MainViewController.swift in Sources */,
				37F288211F7D6164000BED14 /* Language.swift in Sources */,
				374874AB1AD320EA00E1D015 /* Word.swift in Sources */,
				374874A61AD315B300E1D015 /* LaunchOnLoginSupport.swift in Sources */,
				37614EE01B1E368000DD6E12 /* status_cards.xcdatamodeld in Sources */,
				378779BE246EE51100803B8D /* Extensions.swift in Sources */,
				37DCEDF61AD3115B000B46CD /* AppDelegate.swift in Sources */,
				378779C02473102E00803B8D /* KnownWord.swift in Sources */,
				374874A41AD315B300E1D015 /* DictionaryManager.swift in Sources */,
				370E14801F6B16C700143534 /* CoreDataStack.swift in Sources */,
			);
			runOnlyForDeploymentPostprocessing = 0;
		};
		37DCEE011AD3115B000B46CD /* Sources */ = {
			isa = PBXSourcesBuildPhase;
			buildActionMask = 2147483647;
			files = (
				37DCEE0C1AD3115B000B46CD /* status_cardsTests.swift in Sources */,
			);
			runOnlyForDeploymentPostprocessing = 0;
		};
/* End PBXSourcesBuildPhase section */

/* Begin PBXTargetDependency section */
		37DCEE071AD3115B000B46CD /* PBXTargetDependency */ = {
			isa = PBXTargetDependency;
			target = 37DCEDEF1AD3115B000B46CD /* status-cards */;
			targetProxy = 37DCEE061AD3115B000B46CD /* PBXContainerItemProxy */;
		};
/* End PBXTargetDependency section */

/* Begin PBXVariantGroup section */
		37DCEDFE1AD3115B000B46CD /* Main.storyboard */ = {
			isa = PBXVariantGroup;
			children = (
				37DCEDFF1AD3115B000B46CD /* Base */,
			);
			name = Main.storyboard;
			sourceTree = "<group>";
		};
/* End PBXVariantGroup section */

/* Begin XCBuildConfiguration section */
		37DCEE0D1AD3115B000B46CD /* Debug */ = {
			isa = XCBuildConfiguration;
			buildSettings = {
				ALWAYS_SEARCH_USER_PATHS = NO;
				CLANG_ANALYZER_LOCALIZABILITY_NONLOCALIZED = YES;
				CLANG_CXX_LANGUAGE_STANDARD = "gnu++0x";
				CLANG_CXX_LIBRARY = "libc++";
				CLANG_ENABLE_MODULES = YES;
				CLANG_ENABLE_OBJC_ARC = YES;
				CLANG_WARN_BLOCK_CAPTURE_AUTORELEASING = YES;
				CLANG_WARN_BOOL_CONVERSION = YES;
				CLANG_WARN_COMMA = YES;
				CLANG_WARN_CONSTANT_CONVERSION = YES;
				CLANG_WARN_DEPRECATED_OBJC_IMPLEMENTATIONS = YES;
				CLANG_WARN_DIRECT_OBJC_ISA_USAGE = YES_ERROR;
				CLANG_WARN_EMPTY_BODY = YES;
				CLANG_WARN_ENUM_CONVERSION = YES;
				CLANG_WARN_INFINITE_RECURSION = YES;
				CLANG_WARN_INT_CONVERSION = YES;
				CLANG_WARN_NON_LITERAL_NULL_CONVERSION = YES;
				CLANG_WARN_OBJC_IMPLICIT_RETAIN_SELF = YES;
				CLANG_WARN_OBJC_LITERAL_CONVERSION = YES;
				CLANG_WARN_OBJC_ROOT_CLASS = YES_ERROR;
				CLANG_WARN_RANGE_LOOP_ANALYSIS = YES;
				CLANG_WARN_STRICT_PROTOTYPES = YES;
				CLANG_WARN_SUSPICIOUS_MOVE = YES;
				CLANG_WARN_UNREACHABLE_CODE = YES;
				CLANG_WARN__DUPLICATE_METHOD_MATCH = YES;
				CODE_SIGN_IDENTITY = "Apple Development: sergey.khruschak@gmail.com (T97QL9768T)";
				COPY_PHASE_STRIP = NO;
				DEVELOPMENT_TEAM = C59JBN5D8H;
				ENABLE_STRICT_OBJC_MSGSEND = YES;
				ENABLE_TESTABILITY = YES;
				GCC_C_LANGUAGE_STANDARD = gnu99;
				GCC_DYNAMIC_NO_PIC = NO;
				GCC_NO_COMMON_BLOCKS = YES;
				GCC_OPTIMIZATION_LEVEL = 0;
				GCC_PREPROCESSOR_DEFINITIONS = (
					"DEBUG=1",
					"$(inherited)",
				);
				GCC_SYMBOLS_PRIVATE_EXTERN = NO;
				GCC_WARN_64_TO_32_BIT_CONVERSION = YES;
				GCC_WARN_ABOUT_RETURN_TYPE = YES_ERROR;
				GCC_WARN_UNDECLARED_SELECTOR = YES;
				GCC_WARN_UNINITIALIZED_AUTOS = YES_AGGRESSIVE;
				GCC_WARN_UNUSED_FUNCTION = YES;
				GCC_WARN_UNUSED_VARIABLE = YES;
				MACOSX_DEPLOYMENT_TARGET = 10.15;
				MTL_ENABLE_DEBUG_INFO = YES;
				ONLY_ACTIVE_ARCH = YES;
				SDKROOT = macosx;
				SWIFT_OPTIMIZATION_LEVEL = "-Onone";
				SWIFT_VERSION = 5.0;
			};
			name = Debug;
		};
		37DCEE0E1AD3115B000B46CD /* Release */ = {
			isa = XCBuildConfiguration;
			buildSettings = {
				ALWAYS_SEARCH_USER_PATHS = NO;
				CLANG_ANALYZER_LOCALIZABILITY_NONLOCALIZED = YES;
				CLANG_CXX_LANGUAGE_STANDARD = "gnu++0x";
				CLANG_CXX_LIBRARY = "libc++";
				CLANG_ENABLE_MODULES = YES;
				CLANG_ENABLE_OBJC_ARC = YES;
				CLANG_WARN_BLOCK_CAPTURE_AUTORELEASING = YES;
				CLANG_WARN_BOOL_CONVERSION = YES;
				CLANG_WARN_COMMA = YES;
				CLANG_WARN_CONSTANT_CONVERSION = YES;
				CLANG_WARN_DEPRECATED_OBJC_IMPLEMENTATIONS = YES;
				CLANG_WARN_DIRECT_OBJC_ISA_USAGE = YES_ERROR;
				CLANG_WARN_EMPTY_BODY = YES;
				CLANG_WARN_ENUM_CONVERSION = YES;
				CLANG_WARN_INFINITE_RECURSION = YES;
				CLANG_WARN_INT_CONVERSION = YES;
				CLANG_WARN_NON_LITERAL_NULL_CONVERSION = YES;
				CLANG_WARN_OBJC_IMPLICIT_RETAIN_SELF = YES;
				CLANG_WARN_OBJC_LITERAL_CONVERSION = YES;
				CLANG_WARN_OBJC_ROOT_CLASS = YES_ERROR;
				CLANG_WARN_RANGE_LOOP_ANALYSIS = YES;
				CLANG_WARN_STRICT_PROTOTYPES = YES;
				CLANG_WARN_SUSPICIOUS_MOVE = YES;
				CLANG_WARN_UNREACHABLE_CODE = YES;
				CLANG_WARN__DUPLICATE_METHOD_MATCH = YES;
				CODE_SIGN_IDENTITY = "Apple Development: sergey.khruschak@gmail.com (T97QL9768T)";
				COPY_PHASE_STRIP = NO;
				DEBUG_INFORMATION_FORMAT = "dwarf-with-dsym";
				DEVELOPMENT_TEAM = C59JBN5D8H;
				ENABLE_NS_ASSERTIONS = NO;
				ENABLE_STRICT_OBJC_MSGSEND = YES;
				GCC_C_LANGUAGE_STANDARD = gnu99;
				GCC_NO_COMMON_BLOCKS = YES;
				GCC_OPTIMIZATION_LEVEL = fast;
				GCC_WARN_64_TO_32_BIT_CONVERSION = YES;
				GCC_WARN_ABOUT_RETURN_TYPE = YES_ERROR;
				GCC_WARN_UNDECLARED_SELECTOR = YES;
				GCC_WARN_UNINITIALIZED_AUTOS = YES_AGGRESSIVE;
				GCC_WARN_UNUSED_FUNCTION = YES;
				GCC_WARN_UNUSED_VARIABLE = YES;
				MACOSX_DEPLOYMENT_TARGET = 10.15;
				MTL_ENABLE_DEBUG_INFO = NO;
				SDKROOT = macosx;
				SWIFT_OPTIMIZATION_LEVEL = "-Owholemodule";
				SWIFT_VERSION = 5.0;
			};
			name = Release;
		};
		37DCEE101AD3115B000B46CD /* Debug */ = {
			isa = XCBuildConfiguration;
			buildSettings = {
				ASSETCATALOG_COMPILER_APPICON_NAME = AppIcon;
				CODE_SIGN_IDENTITY = "-";
				COMBINE_HIDPI_IMAGES = YES;
				INFOPLIST_FILE = "status-cards/Info.plist";
				LD_RUNPATH_SEARCH_PATHS = "$(inherited) @executable_path/../Frameworks";
				PRODUCT_BUNDLE_IDENTIFIER = "org.sergkh.$(PRODUCT_NAME:rfc1034identifier)";
				PRODUCT_NAME = "$(TARGET_NAME)";
				SWIFT_VERSION = 5.0;
			};
			name = Debug;
		};
		37DCEE111AD3115B000B46CD /* Release */ = {
			isa = XCBuildConfiguration;
			buildSettings = {
				ASSETCATALOG_COMPILER_APPICON_NAME = AppIcon;
				CODE_SIGN_IDENTITY = "-";
				COMBINE_HIDPI_IMAGES = YES;
				INFOPLIST_FILE = "status-cards/Info.plist";
				LD_RUNPATH_SEARCH_PATHS = "$(inherited) @executable_path/../Frameworks";
				PRODUCT_BUNDLE_IDENTIFIER = "org.sergkh.$(PRODUCT_NAME:rfc1034identifier)";
				PRODUCT_NAME = "$(TARGET_NAME)";
				SWIFT_VERSION = 5.0;
			};
			name = Release;
		};
		37DCEE131AD3115B000B46CD /* Debug */ = {
			isa = XCBuildConfiguration;
			buildSettings = {
				BUNDLE_LOADER = "$(TEST_HOST)";
				COMBINE_HIDPI_IMAGES = YES;
				FRAMEWORK_SEARCH_PATHS = (
					"$(DEVELOPER_FRAMEWORKS_DIR)",
					"$(inherited)",
				);
				GCC_PREPROCESSOR_DEFINITIONS = (
					"DEBUG=1",
					"$(inherited)",
				);
				INFOPLIST_FILE = "status-cardsTests/Info.plist";
				LD_RUNPATH_SEARCH_PATHS = "$(inherited) @executable_path/../Frameworks @loader_path/../Frameworks";
				PRODUCT_BUNDLE_IDENTIFIER = "org.sergkh.$(PRODUCT_NAME:rfc1034identifier)";
				PRODUCT_NAME = "$(TARGET_NAME)";
				SWIFT_VERSION = 5.0;
				TEST_HOST = "$(BUILT_PRODUCTS_DIR)/status-cards.app/Contents/MacOS/status-cards";
			};
			name = Debug;
		};
		37DCEE141AD3115B000B46CD /* Release */ = {
			isa = XCBuildConfiguration;
			buildSettings = {
				BUNDLE_LOADER = "$(TEST_HOST)";
				COMBINE_HIDPI_IMAGES = YES;
				FRAMEWORK_SEARCH_PATHS = (
					"$(DEVELOPER_FRAMEWORKS_DIR)",
					"$(inherited)",
				);
				INFOPLIST_FILE = "status-cardsTests/Info.plist";
				LD_RUNPATH_SEARCH_PATHS = "$(inherited) @executable_path/../Frameworks @loader_path/../Frameworks";
				PRODUCT_BUNDLE_IDENTIFIER = "org.sergkh.$(PRODUCT_NAME:rfc1034identifier)";
				PRODUCT_NAME = "$(TARGET_NAME)";
				SWIFT_VERSION = 5.0;
				TEST_HOST = "$(BUILT_PRODUCTS_DIR)/status-cards.app/Contents/MacOS/status-cards";
			};
			name = Release;
		};
/* End XCBuildConfiguration section */

/* Begin XCConfigurationList section */
		37DCEDEB1AD3115A000B46CD /* Build configuration list for PBXProject "status-cards" */ = {
			isa = XCConfigurationList;
			buildConfigurations = (
				37DCEE0D1AD3115B000B46CD /* Debug */,
				37DCEE0E1AD3115B000B46CD /* Release */,
			);
			defaultConfigurationIsVisible = 0;
			defaultConfigurationName = Release;
		};
		37DCEE0F1AD3115B000B46CD /* Build configuration list for PBXNativeTarget "status-cards" */ = {
			isa = XCConfigurationList;
			buildConfigurations = (
				37DCEE101AD3115B000B46CD /* Debug */,
				37DCEE111AD3115B000B46CD /* Release */,
			);
			defaultConfigurationIsVisible = 0;
			defaultConfigurationName = Release;
		};
		37DCEE121AD3115B000B46CD /* Build configuration list for PBXNativeTarget "status-cardsTests" */ = {
			isa = XCConfigurationList;
			buildConfigurations = (
				37DCEE131AD3115B000B46CD /* Debug */,
				37DCEE141AD3115B000B46CD /* Release */,
			);
			defaultConfigurationIsVisible = 0;
			defaultConfigurationName = Release;
		};
/* End XCConfigurationList section */

/* Begin XCVersionGroup section */
		3748749D1AD315B300E1D015 /* status_cards.xcdatamodeld */ = {
			isa = XCVersionGroup;
			children = (
				3748749E1AD315B300E1D015 /* status_cards.xcdatamodel */,
			);
			currentVersion = 3748749E1AD315B300E1D015 /* status_cards.xcdatamodel */;
			path = status_cards.xcdatamodeld;
			sourceTree = "<group>";
			versionGroupType = wrapper.xcdatamodel;
		};
/* End XCVersionGroup section */
	};
	rootObject = 37DCEDE81AD3115A000B46CD /* Project object */;
}
